
Microsoft Visual Studio Solution File, Format Version 12.00
# Visual Studio 15
VisualStudioVersion = 15.0.26730.12
MinimumVisualStudioVersion = 10.0.40219.1
Project("{9A19103F-16F7-4668-BE54-9A1E7A4F7556}") = "Task1", "Task1\Task1.csproj", "{957075C6-B12E-4F35-BB7C-F8FC88E90479}"
EndProject
Project("{FAE04EC0-301F-11D3-BF4B-00C04F79EFBC}") = "Task2", "Task2\Task2.csproj", "{0A60B006-7384-4B80-AD4C-1F9BB0EB7B9C}"
EndProject
Project("{FAE04EC0-301F-11D3-BF4B-00C04F79EFBC}") = "Task3", "Task3\Task3.csproj", "{38651B4C-EB33-412B-8A84-11DAA5C87438}"
EndProject
Project("{FAE04EC0-301F-11D3-BF4B-00C04F79EFBC}") = "Task4", "Task4\Task4.csproj", "{70CA80CA-86D9-4DC4-9905-E86B6F513F28}"
EndProject
Project("{FAE04EC0-301F-11D3-BF4B-00C04F79EFBC}") = "Task5", "Task5\Task5.csproj", "{BE256066-0458-4F1F-93DB-E16313CA5080}"
EndProject
Global
	GlobalSection(SolutionConfigurationPlatforms) = preSolution
		Debug|Any CPU = Debug|Any CPU
		Release|Any CPU = Release|Any CPU
	EndGlobalSection
	GlobalSection(ProjectConfigurationPlatforms) = postSolution
		{957075C6-B12E-4F35-BB7C-F8FC88E90479}.Debug|Any CPU.ActiveCfg = Debug|Any CPU
		{957075C6-B12E-4F35-BB7C-F8FC88E90479}.Debug|Any CPU.Build.0 = Debug|Any CPU
		{957075C6-B12E-4F35-BB7C-F8FC88E90479}.Release|Any CPU.ActiveCfg = Release|Any CPU
		{957075C6-B12E-4F35-BB7C-F8FC88E90479}.Release|Any CPU.Build.0 = Release|Any CPU
		{0A60B006-7384-4B80-AD4C-1F9BB0EB7B9C}.Debug|Any CPU.ActiveCfg = Debug|Any CPU
		{0A60B006-7384-4B80-AD4C-1F9BB0EB7B9C}.Debug|Any CPU.Build.0 = Debug|Any CPU
		{0A60B006-7384-4B80-AD4C-1F9BB0EB7B9C}.Release|Any CPU.ActiveCfg = Release|Any CPU
		{0A60B006-7384-4B80-AD4C-1F9BB0EB7B9C}.Release|Any CPU.Build.0 = Release|Any CPU
		{38651B4C-EB33-412B-8A84-11DAA5C87438}.Debug|Any CPU.ActiveCfg = Debug|Any CPU
		{38651B4C-EB33-412B-8A84-11DAA5C87438}.Debug|Any CPU.Build.0 = Debug|Any CPU
		{38651B4C-EB33-412B-8A84-11DAA5C87438}.Release|Any CPU.ActiveCfg = Release|Any CPU
		{38651B4C-EB33-412B-8A84-11DAA5C87438}.Release|Any CPU.Build.0 = Release|Any CPU
		{70CA80CA-86D9-4DC4-9905-E86B6F513F28}.Debug|Any CPU.ActiveCfg = Debug|Any CPU
		{70CA80CA-86D9-4DC4-9905-E86B6F513F28}.Debug|Any CPU.Build.0 = Debug|Any CPU
		{70CA80CA-86D9-4DC4-9905-E86B6F513F28}.Release|Any CPU.ActiveCfg = Release|Any CPU
		{70CA80CA-86D9-4DC4-9905-E86B6F513F28}.Release|Any CPU.Build.0 = Release|Any CPU
		{BE256066-0458-4F1F-93DB-E16313CA5080}.Debug|Any CPU.ActiveCfg = Debug|Any CPU
		{BE256066-0458-4F1F-93DB-E16313CA5080}.Debug|Any CPU.Build.0 = Debug|Any CPU
		{BE256066-0458-4F1F-93DB-E16313CA5080}.Release|Any CPU.ActiveCfg = Release|Any CPU
		{BE256066-0458-4F1F-93DB-E16313CA5080}.Release|Any CPU.Build.0 = Release|Any CPU
	EndGlobalSection
	GlobalSection(SolutionProperties) = preSolution
		HideSolutionNode = FALSE
	EndGlobalSection
	GlobalSection(ExtensibilityGlobals) = postSolution
		SolutionGuid = {823D39D0-5918-4962-9C56-9E89AAA9B57C}
	EndGlobalSection
EndGlobal
