
Microsoft Visual Studio Solution File, Format Version 12.00
# Visual Studio 15
VisualStudioVersion = 15.0.26730.12
MinimumVisualStudioVersion = 10.0.40219.1
Project("{FAE04EC0-301F-11D3-BF4B-00C04F79EFBC}") = "Task1", "Task1\Task1.csproj", "{B107C1BD-9208-40DA-B40D-D7FB6F9A727D}"
EndProject
Project("{FAE04EC0-301F-11D3-BF4B-00C04F79EFBC}") = "Task2", "Task2\Task2.csproj", "{9870A26D-8077-4942-BA67-490788A47EF9}"
EndProject
Project("{FAE04EC0-301F-11D3-BF4B-00C04F79EFBC}") = "Task3", "Task3\Task3.csproj", "{1D3781D3-D498-42EB-BC5A-C100E69F098C}"
EndProject
Project("{FAE04EC0-301F-11D3-BF4B-00C04F79EFBC}") = "Task4", "Task4\Task4.csproj", "{A6BDABB1-EB10-499A-8DFD-8D13530072CA}"
EndProject
Global
	GlobalSection(SolutionConfigurationPlatforms) = preSolution
		Debug|Any CPU = Debug|Any CPU
		Release|Any CPU = Release|Any CPU
	EndGlobalSection
	GlobalSection(ProjectConfigurationPlatforms) = postSolution
		{B107C1BD-9208-40DA-B40D-D7FB6F9A727D}.Debug|Any CPU.ActiveCfg = Debug|Any CPU
		{B107C1BD-9208-40DA-B40D-D7FB6F9A727D}.Debug|Any CPU.Build.0 = Debug|Any CPU
		{B107C1BD-9208-40DA-B40D-D7FB6F9A727D}.Release|Any CPU.ActiveCfg = Release|Any CPU
		{B107C1BD-9208-40DA-B40D-D7FB6F9A727D}.Release|Any CPU.Build.0 = Release|Any CPU
		{9870A26D-8077-4942-BA67-490788A47EF9}.Debug|Any CPU.ActiveCfg = Debug|Any CPU
		{9870A26D-8077-4942-BA67-490788A47EF9}.Debug|Any CPU.Build.0 = Debug|Any CPU
		{9870A26D-8077-4942-BA67-490788A47EF9}.Release|Any CPU.ActiveCfg = Release|Any CPU
		{9870A26D-8077-4942-BA67-490788A47EF9}.Release|Any CPU.Build.0 = Release|Any CPU
		{1D3781D3-D498-42EB-BC5A-C100E69F098C}.Debug|Any CPU.ActiveCfg = Debug|Any CPU
		{1D3781D3-D498-42EB-BC5A-C100E69F098C}.Debug|Any CPU.Build.0 = Debug|Any CPU
		{1D3781D3-D498-42EB-BC5A-C100E69F098C}.Release|Any CPU.ActiveCfg = Release|Any CPU
		{1D3781D3-D498-42EB-BC5A-C100E69F098C}.Release|Any CPU.Build.0 = Release|Any CPU
		{A6BDABB1-EB10-499A-8DFD-8D13530072CA}.Debug|Any CPU.ActiveCfg = Debug|Any CPU
		{A6BDABB1-EB10-499A-8DFD-8D13530072CA}.Debug|Any CPU.Build.0 = Debug|Any CPU
		{A6BDABB1-EB10-499A-8DFD-8D13530072CA}.Release|Any CPU.ActiveCfg = Release|Any CPU
		{A6BDABB1-EB10-499A-8DFD-8D13530072CA}.Release|Any CPU.Build.0 = Release|Any CPU
	EndGlobalSection
	GlobalSection(SolutionProperties) = preSolution
		HideSolutionNode = FALSE
	EndGlobalSection
	GlobalSection(ExtensibilityGlobals) = postSolution
		SolutionGuid = {DECFF363-6452-4273-8705-243B2DFBC88B}
	EndGlobalSection
EndGlobal
